
Microsoft Visual Studio Solution File, Format Version 12.00
# Visual Studio Version 17
VisualStudioVersion = 17.11.35303.130
MinimumVisualStudioVersion = 10.0.40219.1
Project("{FAE04EC0-301F-11D3-BF4B-00C04F79EFBC}") = "bibka", "bibka\bibka.csproj", "{BE050AAE-F9A8-4865-9AA4-55FAE0B0F8E6}"
EndProject
Global
	GlobalSection(SolutionConfigurationPlatforms) = preSolution
		Debug|Any CPU = Debug|Any CPU
		Release|Any CPU = Release|Any CPU
	EndGlobalSection
	GlobalSection(ProjectConfigurationPlatforms) = postSolution
		{BE050AAE-F9A8-4865-9AA4-55FAE0B0F8E6}.Debug|Any CPU.ActiveCfg = Debug|Any CPU
		{BE050AAE-F9A8-4865-9AA4-55FAE0B0F8E6}.Debug|Any CPU.Build.0 = Debug|Any CPU
		{BE050AAE-F9A8-4865-9AA4-55FAE0B0F8E6}.Release|Any CPU.ActiveCfg = Release|Any CPU
		{BE050AAE-F9A8-4865-9AA4-55FAE0B0F8E6}.Release|Any CPU.Build.0 = Release|Any CPU
	EndGlobalSection
	GlobalSection(SolutionProperties) = preSolution
		HideSolutionNode = FALSE
	EndGlobalSection
	GlobalSection(ExtensibilityGlobals) = postSolution
		SolutionGuid = {9720B7B6-0F48-4741-8E0A-EB87D875F244}
	EndGlobalSection
EndGlobal
